
Microsoft Visual Studio Solution File, Format Version 12.00
# Visual Studio Version 17
VisualStudioVersion = 17.14.36429.23 d17.14
MinimumVisualStudioVersion = 10.0.40219.1
Project("{8BC9CEB8-8B4A-11D0-8D11-00A0C91BC942}") = "Project53", "Project53\Project53.vcxproj", "{602FA98D-FDBB-4ACE-8E8A-4D3CFC0BAA20}"
EndProject
Global
	GlobalSection(SolutionConfigurationPlatforms) = preSolution
		Debug|x64 = Debug|x64
		Debug|x86 = Debug|x86
		Release|x64 = Release|x64
		Release|x86 = Release|x86
	EndGlobalSection
	GlobalSection(ProjectConfigurationPlatforms) = postSolution
		{602FA98D-FDBB-4ACE-8E8A-4D3CFC0BAA20}.Debug|x64.ActiveCfg = Debug|x64
		{602FA98D-FDBB-4ACE-8E8A-4D3CFC0BAA20}.Debug|x64.Build.0 = Debug|x64
		{602FA98D-FDBB-4ACE-8E8A-4D3CFC0BAA20}.Debug|x86.ActiveCfg = Debug|Win32
		{602FA98D-FDBB-4ACE-8E8A-4D3CFC0BAA20}.Debug|x86.Build.0 = Debug|Win32
		{602FA98D-FDBB-4ACE-8E8A-4D3CFC0BAA20}.Release|x64.ActiveCfg = Release|x64
		{602FA98D-FDBB-4ACE-8E8A-4D3CFC0BAA20}.Release|x64.Build.0 = Release|x64
		{602FA98D-FDBB-4ACE-8E8A-4D3CFC0BAA20}.Release|x86.ActiveCfg = Release|Win32
		{602FA98D-FDBB-4ACE-8E8A-4D3CFC0BAA20}.Release|x86.Build.0 = Release|Win32
	EndGlobalSection
	GlobalSection(SolutionProperties) = preSolution
		HideSolutionNode = FALSE
	EndGlobalSection
	GlobalSection(ExtensibilityGlobals) = postSolution
		SolutionGuid = {FCC665F9-F5A5-4B14-8579-70EEFB5D596F}
	EndGlobalSection
EndGlobal
